{
  "requires": true,
  "lockfileVersion": 1,
  "dependencies": {
    "bootstrap-select": {
      "version": "1.13.18",
      "resolved": "https://registry.npmjs.org/bootstrap-select/-/bootstrap-select-1.13.18.tgz",
      "integrity": "sha512-V1IzK4rxBq5FrJtkzSH6RmFLFBsjx50byFbfAf8jYyXROWs7ZpprGjdHeoyq2HSsHyjJhMMwjsQhRoYAfxCGow=="
    },
    "corejs-typeahead": {
      "version": "1.3.1",
      "resolved": "https://registry.npmjs.org/corejs-typeahead/-/corejs-typeahead-1.3.1.tgz",
      "integrity": "sha512-fyNlBNWJNL6EQUnJyAunEzBzRcwR2cEHtZXBi2pndHPOJ/wpOf3wbS+/Oh+kYYS5sKowQcs0LFwMSl6Y2Xeqkw==",
      "requires": {
        "jquery": ">=1.11"
      }
    },
    "jquery": {
      "version": "3.6.0",
      "resolved": "https://registry.npmjs.org/jquery/-/jquery-3.6.0.tgz",
      "integrity": "sha512-JVzAR/AjBvVt2BmYhxRCSYysDsPcssdmTFnzyLEts9qNwmjmu4JTAMYubEfwVOSwpQ1I1sKKFcxhZCI2buerfw=="
    },
    "resize-observer-polyfill": {
      "version": "1.5.1",
      "resolved": "https://registry.npmjs.org/resize-observer-polyfill/-/resize-observer-polyfill-1.5.1.tgz",
      "integrity": "sha512-LwZrotdHOo12nQuZlHEmtuXdqGoOD0OhaxopaNFxWzInpEgaLWoVuAMbTzixuosCx2nEG58ngzW3vxdWoxIgdg=="
    },
    "vue": {
      "version": "2.6.12",
      "resolved": "https://registry.npmjs.org/vue/-/vue-2.6.12.tgz",
      "integrity": "sha512-uhmLFETqPPNyuLLbsKz6ioJ4q7AZHzD8ZVFNATNyICSZouqP2Sz0rotWQC8UNBF6VGSCs5abnKJoStA6JbCbfg=="
    },
    "vue-bootstrap-typeahead": {
      "version": "0.2.6",
      "resolved": "https://registry.npmjs.org/vue-bootstrap-typeahead/-/vue-bootstrap-typeahead-0.2.6.tgz",
      "integrity": "sha512-BcUAnvfN+PS0StL6E3endd37P7HUt9otk+8m7tsa2gkt2I2KY8O2Dma49oR8ie8iletvJAlAqpN+klF6ktPULQ==",
      "requires": {
        "resize-observer-polyfill": "^1.5.0",
        "vue": "^2.5.17"
      }
    }
  }
}
